
Microsoft Visual Studio Solution File, Format Version 12.00
# Visual Studio Version 17
VisualStudioVersion = 17.0.32112.339
MinimumVisualStudioVersion = 10.0.40219.1
Project("{FAE04EC0-301F-11D3-BF4B-00C04F79EFBC}") = "API.Playlist.Application", "API.Playlist.Application\API.Playlist.Application.csproj", "{4D828220-0AD6-4EB4-B544-E0008D81D539}"
EndProject
Project("{FAE04EC0-301F-11D3-BF4B-00C04F79EFBC}") = "API.Playlist.CrossCutting", "API.Playlist.CrossCutting\API.Playlist.CrossCutting.csproj", "{39DD89AB-A906-4096-BCB2-9B2D15BCA3EE}"
EndProject
Project("{FAE04EC0-301F-11D3-BF4B-00C04F79EFBC}") = "API.Playlist.Data", "API.Playlist.Data\API.Playlist.Data.csproj", "{ED747810-9564-477E-8C90-8F7FEFE88DA9}"
EndProject
Project("{FAE04EC0-301F-11D3-BF4B-00C04F79EFBC}") = "API.Playlist.Domain", "API.Playlist.Domain\API.Playlist.Domain.csproj", "{B0981280-86B2-4DB4-BDF9-ADC8908B7F4E}"
EndProject
Project("{FAE04EC0-301F-11D3-BF4B-00C04F79EFBC}") = "API.Playlist.Service", "API.Playlist.Service\API.Playlist.Service.csproj", "{D38833A0-52E2-4494-9415-7D36ECB6447B}"
EndProject
Global
	GlobalSection(SolutionConfigurationPlatforms) = preSolution
		Debug|Any CPU = Debug|Any CPU
		Release|Any CPU = Release|Any CPU
	EndGlobalSection
	GlobalSection(ProjectConfigurationPlatforms) = postSolution
		{4D828220-0AD6-4EB4-B544-E0008D81D539}.Debug|Any CPU.ActiveCfg = Debug|Any CPU
		{4D828220-0AD6-4EB4-B544-E0008D81D539}.Debug|Any CPU.Build.0 = Debug|Any CPU
		{4D828220-0AD6-4EB4-B544-E0008D81D539}.Release|Any CPU.ActiveCfg = Release|Any CPU
		{4D828220-0AD6-4EB4-B544-E0008D81D539}.Release|Any CPU.Build.0 = Release|Any CPU
		{39DD89AB-A906-4096-BCB2-9B2D15BCA3EE}.Debug|Any CPU.ActiveCfg = Debug|Any CPU
		{39DD89AB-A906-4096-BCB2-9B2D15BCA3EE}.Debug|Any CPU.Build.0 = Debug|Any CPU
		{39DD89AB-A906-4096-BCB2-9B2D15BCA3EE}.Release|Any CPU.ActiveCfg = Release|Any CPU
		{39DD89AB-A906-4096-BCB2-9B2D15BCA3EE}.Release|Any CPU.Build.0 = Release|Any CPU
		{ED747810-9564-477E-8C90-8F7FEFE88DA9}.Debug|Any CPU.ActiveCfg = Debug|Any CPU
		{ED747810-9564-477E-8C90-8F7FEFE88DA9}.Debug|Any CPU.Build.0 = Debug|Any CPU
		{ED747810-9564-477E-8C90-8F7FEFE88DA9}.Release|Any CPU.ActiveCfg = Release|Any CPU
		{ED747810-9564-477E-8C90-8F7FEFE88DA9}.Release|Any CPU.Build.0 = Release|Any CPU
		{B0981280-86B2-4DB4-BDF9-ADC8908B7F4E}.Debug|Any CPU.ActiveCfg = Debug|Any CPU
		{B0981280-86B2-4DB4-BDF9-ADC8908B7F4E}.Debug|Any CPU.Build.0 = Debug|Any CPU
		{B0981280-86B2-4DB4-BDF9-ADC8908B7F4E}.Release|Any CPU.ActiveCfg = Release|Any CPU
		{B0981280-86B2-4DB4-BDF9-ADC8908B7F4E}.Release|Any CPU.Build.0 = Release|Any CPU
		{D38833A0-52E2-4494-9415-7D36ECB6447B}.Debug|Any CPU.ActiveCfg = Debug|Any CPU
		{D38833A0-52E2-4494-9415-7D36ECB6447B}.Debug|Any CPU.Build.0 = Debug|Any CPU
		{D38833A0-52E2-4494-9415-7D36ECB6447B}.Release|Any CPU.ActiveCfg = Release|Any CPU
		{D38833A0-52E2-4494-9415-7D36ECB6447B}.Release|Any CPU.Build.0 = Release|Any CPU
	EndGlobalSection
	GlobalSection(SolutionProperties) = preSolution
		HideSolutionNode = FALSE
	EndGlobalSection
	GlobalSection(ExtensibilityGlobals) = postSolution
		SolutionGuid = {2BF72596-5411-4334-BB11-54C8C69CAA43}
	EndGlobalSection
EndGlobal
